
Microsoft Visual Studio Solution File, Format Version 12.00
# Visual Studio 15
VisualStudioVersion = 15.0.27130.2026
MinimumVisualStudioVersion = 10.0.40219.1
Project("{FAE04EC0-301F-11D3-BF4B-00C04F79EFBC}") = "DataGridWithObjectData", "DataGridWithObjectData\DataGridWithObjectData.csproj", "{92D7E2A7-1334-440F-9A86-6EEDCC9AB1E5}"
EndProject
Project("{FAE04EC0-301F-11D3-BF4B-00C04F79EFBC}") = "SettingsByName", "SettingsByName\SettingsByName.csproj", "{B0D7F534-8409-49A6-AE84-438E66319A79}"
EndProject
Project("{FAE04EC0-301F-11D3-BF4B-00C04F79EFBC}") = "Ninjection", "Ninjection\Ninjection.csproj", "{637A7852-28AC-4C50-93BC-846135DA23D2}"
EndProject
Project("{FAE04EC0-301F-11D3-BF4B-00C04F79EFBC}") = "DataBindControlsExample", "DataBindControls\DataBindControlsExample.csproj", "{FF4D51E2-3DA8-4C23-83D6-55CE05759F11}"
EndProject
Project("{FAE04EC0-301F-11D3-BF4B-00C04F79EFBC}") = "DataBindTextBox", "DataBindTextBox\DataBindTextBox.csproj", "{B676E1B1-AE9F-4365-87CF-F3785EA3834F}"
EndProject
Project("{FAE04EC0-301F-11D3-BF4B-00C04F79EFBC}") = "WpfApp", "WpfApp\WpfApp.csproj", "{2023385A-9320-41DC-AECD-09111B8364E1}"
EndProject
Project("{FAE04EC0-301F-11D3-BF4B-00C04F79EFBC}") = "WpfMvvm", "WpfMvvm\WpfMvvm.csproj", "{9C1D14DF-EFDB-4147-A068-09FDED7D9943}"
EndProject
Project("{FAE04EC0-301F-11D3-BF4B-00C04F79EFBC}") = "Squares", "Squares\Squares.csproj", "{F4CADE09-48BB-4BA0-A4FF-14D4CAD99DA5}"
EndProject
Project("{FAE04EC0-301F-11D3-BF4B-00C04F79EFBC}") = "SquaresWpf", "SquaresWpf\SquaresWpf.csproj", "{36B0EDA2-23C3-48A9-9763-0857A34A4818}"
EndProject
Project("{FAE04EC0-301F-11D3-BF4B-00C04F79EFBC}") = "LINQ", "LINQ\LINQ.csproj", "{9B80CED0-EA3A-478F-8197-69F2F590BB90}"
EndProject
Global
	GlobalSection(SolutionConfigurationPlatforms) = preSolution
		Debug|Any CPU = Debug|Any CPU
		Release|Any CPU = Release|Any CPU
	EndGlobalSection
	GlobalSection(ProjectConfigurationPlatforms) = postSolution
		{92D7E2A7-1334-440F-9A86-6EEDCC9AB1E5}.Debug|Any CPU.ActiveCfg = Debug|Any CPU
		{92D7E2A7-1334-440F-9A86-6EEDCC9AB1E5}.Debug|Any CPU.Build.0 = Debug|Any CPU
		{92D7E2A7-1334-440F-9A86-6EEDCC9AB1E5}.Release|Any CPU.ActiveCfg = Release|Any CPU
		{92D7E2A7-1334-440F-9A86-6EEDCC9AB1E5}.Release|Any CPU.Build.0 = Release|Any CPU
		{B0D7F534-8409-49A6-AE84-438E66319A79}.Debug|Any CPU.ActiveCfg = Debug|Any CPU
		{B0D7F534-8409-49A6-AE84-438E66319A79}.Debug|Any CPU.Build.0 = Debug|Any CPU
		{B0D7F534-8409-49A6-AE84-438E66319A79}.Release|Any CPU.ActiveCfg = Release|Any CPU
		{B0D7F534-8409-49A6-AE84-438E66319A79}.Release|Any CPU.Build.0 = Release|Any CPU
		{637A7852-28AC-4C50-93BC-846135DA23D2}.Debug|Any CPU.ActiveCfg = Debug|Any CPU
		{637A7852-28AC-4C50-93BC-846135DA23D2}.Debug|Any CPU.Build.0 = Debug|Any CPU
		{637A7852-28AC-4C50-93BC-846135DA23D2}.Release|Any CPU.ActiveCfg = Release|Any CPU
		{637A7852-28AC-4C50-93BC-846135DA23D2}.Release|Any CPU.Build.0 = Release|Any CPU
		{FF4D51E2-3DA8-4C23-83D6-55CE05759F11}.Debug|Any CPU.ActiveCfg = Debug|Any CPU
		{FF4D51E2-3DA8-4C23-83D6-55CE05759F11}.Debug|Any CPU.Build.0 = Debug|Any CPU
		{FF4D51E2-3DA8-4C23-83D6-55CE05759F11}.Release|Any CPU.ActiveCfg = Release|Any CPU
		{FF4D51E2-3DA8-4C23-83D6-55CE05759F11}.Release|Any CPU.Build.0 = Release|Any CPU
		{B676E1B1-AE9F-4365-87CF-F3785EA3834F}.Debug|Any CPU.ActiveCfg = Debug|Any CPU
		{B676E1B1-AE9F-4365-87CF-F3785EA3834F}.Debug|Any CPU.Build.0 = Debug|Any CPU
		{B676E1B1-AE9F-4365-87CF-F3785EA3834F}.Release|Any CPU.ActiveCfg = Release|Any CPU
		{B676E1B1-AE9F-4365-87CF-F3785EA3834F}.Release|Any CPU.Build.0 = Release|Any CPU
		{2023385A-9320-41DC-AECD-09111B8364E1}.Debug|Any CPU.ActiveCfg = Debug|Any CPU
		{2023385A-9320-41DC-AECD-09111B8364E1}.Debug|Any CPU.Build.0 = Debug|Any CPU
		{2023385A-9320-41DC-AECD-09111B8364E1}.Release|Any CPU.ActiveCfg = Release|Any CPU
		{2023385A-9320-41DC-AECD-09111B8364E1}.Release|Any CPU.Build.0 = Release|Any CPU
		{9C1D14DF-EFDB-4147-A068-09FDED7D9943}.Debug|Any CPU.ActiveCfg = Debug|Any CPU
		{9C1D14DF-EFDB-4147-A068-09FDED7D9943}.Debug|Any CPU.Build.0 = Debug|Any CPU
		{9C1D14DF-EFDB-4147-A068-09FDED7D9943}.Release|Any CPU.ActiveCfg = Release|Any CPU
		{9C1D14DF-EFDB-4147-A068-09FDED7D9943}.Release|Any CPU.Build.0 = Release|Any CPU
		{F4CADE09-48BB-4BA0-A4FF-14D4CAD99DA5}.Debug|Any CPU.ActiveCfg = Debug|Any CPU
		{F4CADE09-48BB-4BA0-A4FF-14D4CAD99DA5}.Debug|Any CPU.Build.0 = Debug|Any CPU
		{F4CADE09-48BB-4BA0-A4FF-14D4CAD99DA5}.Release|Any CPU.ActiveCfg = Release|Any CPU
		{F4CADE09-48BB-4BA0-A4FF-14D4CAD99DA5}.Release|Any CPU.Build.0 = Release|Any CPU
		{36B0EDA2-23C3-48A9-9763-0857A34A4818}.Debug|Any CPU.ActiveCfg = Debug|Any CPU
		{36B0EDA2-23C3-48A9-9763-0857A34A4818}.Debug|Any CPU.Build.0 = Debug|Any CPU
		{36B0EDA2-23C3-48A9-9763-0857A34A4818}.Release|Any CPU.ActiveCfg = Release|Any CPU
		{36B0EDA2-23C3-48A9-9763-0857A34A4818}.Release|Any CPU.Build.0 = Release|Any CPU
		{9B80CED0-EA3A-478F-8197-69F2F590BB90}.Debug|Any CPU.ActiveCfg = Debug|Any CPU
		{9B80CED0-EA3A-478F-8197-69F2F590BB90}.Debug|Any CPU.Build.0 = Debug|Any CPU
		{9B80CED0-EA3A-478F-8197-69F2F590BB90}.Release|Any CPU.ActiveCfg = Release|Any CPU
		{9B80CED0-EA3A-478F-8197-69F2F590BB90}.Release|Any CPU.Build.0 = Release|Any CPU
	EndGlobalSection
	GlobalSection(SolutionProperties) = preSolution
		HideSolutionNode = FALSE
	EndGlobalSection
	GlobalSection(ExtensibilityGlobals) = postSolution
		SolutionGuid = {3909CF59-5728-4585-A1F5-87FC52AF723A}
	EndGlobalSection
EndGlobal
